# THIS IS AN AUTOGENERATED FILE. DO NOT EDIT THIS FILE DIRECTLY.
# yarn lockfile v1


box-ui-elements@^25.0.0:
  version "25.0.0"
  resolved "https://registry.yarnpkg.com/box-ui-elements/-/box-ui-elements-25.0.0.tgz#7e58fd6ba96ce034347ca576eec67608c678f5f8"
  integrity sha512-/0ofAQMoSOXteay9LXVq7GaUS+KmLkr+4DnGqCHHPjHQ8+1Dlo+Vt0C77P8fbKNgtjIlUMWhwzh/cpmpmHGfUA==
